{
  "name": "dates",
  "version": "1.0.0",
  "lockfileVersion": 1,
  "requires": true,
  "dependencies": {
    "compromise": {
      "version": "13.10.0",
      "resolved": "https://registry.npmjs.org/compromise/-/compromise-13.10.0.tgz",
      "integrity": "sha512-t0EOG82arnVeUIOuDhlqweXkADf98BNCCYqE2UtnZW/NKcX75zlrasvSMPxfjZpZiOUX3UdeRo5IqZ7JuyDkKg==",
      "requires": {
        "efrt-unpack": "2.2.0"
      }
    },
    "compromise-dates": {
      "version": "1.4.1",
      "resolved": "https://registry.npmjs.org/compromise-dates/-/compromise-dates-1.4.1.tgz",
      "integrity": "sha512-pZt1TcIRfDNERWySwsmnHhmfn1qx4JPtYe7hvVhDZpEdC1ysZxWOUs0apPodsW1lZ2tLK7/CQ7P9iCioWrpILA==",
      "requires": {
        "spacetime": "6.12.5",
        "spacetime-holiday": "0.1.0"
      }
    },
    "compromise-numbers": {
      "version": "1.2.0",
      "resolved": "https://registry.npmjs.org/compromise-numbers/-/compromise-numbers-1.2.0.tgz",
      "integrity": "sha512-oGQvO5pK+5DLFAV/mk9FDhr4QWnCG6fMAZqoykqvOmP3g/R0haEVazcXgdhz72VlJIURMfIkeslaa5vdjVlffg=="
    },
    "efrt-unpack": {
      "version": "2.2.0",
      "resolved": "https://registry.npmjs.org/efrt-unpack/-/efrt-unpack-2.2.0.tgz",
      "integrity": "sha512-9xUSSj7qcUxz+0r4X3+bwUNttEfGfK5AH+LVa1aTpqdAfrN5VhROYCfcF+up4hp5OL7IUKcZJJrzAGipQRDoiQ=="
    },
    "spacetime": {
      "version": "6.12.5",
      "resolved": "https://registry.npmjs.org/spacetime/-/spacetime-6.12.5.tgz",
      "integrity": "sha512-6TZXbkG23RCpu6L955rLH3SaPoFpl75dB/lumRnop8VTNf6Ui9S+Bn0p8Hwv6xEXKSYTxNCj4avTuoVEyWNwIg=="
    },
    "spacetime-holiday": {
      "version": "0.1.0",
      "resolved": "https://registry.npmjs.org/spacetime-holiday/-/spacetime-holiday-0.1.0.tgz",
      "integrity": "sha512-rYIpSDbHnznZRstUrmYYFAaruW8e96t+1JfS0b6qMiAAQ2DrkLKc8oMotAAkB9qMTUwXXf5bIkdTHfP434uitQ=="
    }
  }
}
